
Microsoft Visual Studio Solution File, Format Version 12.00
# Visual Studio 15
VisualStudioVersion = 15.0.26124.0
MinimumVisualStudioVersion = 15.0.26124.0
Project("{2150E333-8FDC-42A3-9474-1A3956D46DE8}") = "src", "src", "{DBA5309B-8875-4CA6-AD40-5CDC84D935F0}"
EndProject
Project("{9A19103F-16F7-4668-BE54-9A1E7A4F7556}") = "d60.Cirqus", "src\d60.Cirqus\d60.Cirqus.csproj", "{1A5EA878-935E-491F-BDA2-B2F1080CDA64}"
EndProject
Project("{2150E333-8FDC-42A3-9474-1A3956D46DE8}") = "test", "test", "{38E44948-A23F-4387-8954-8AD83AD91C68}"
EndProject
Project("{9A19103F-16F7-4668-BE54-9A1E7A4F7556}") = "d60.Cirqus.Identity", "src\d60.Cirqus.Identity\d60.Cirqus.Identity.csproj", "{303A3B4D-737E-4DDF-8952-ECA867166820}"
EndProject
Project("{FAE04EC0-301F-11D3-BF4B-00C04F79EFBC}") = "d60.Cirqus.EntityFramework", "src\d60.Cirqus.EntityFramework\d60.Cirqus.EntityFramework.csproj", "{C21A5330-A7E4-42DF-9F3B-9C15E8D38C42}"
EndProject
Project("{9A19103F-16F7-4668-BE54-9A1E7A4F7556}") = "d60.Cirqus.AzureServiceBus", "src\d60.Cirqus.AzureServiceBus\d60.Cirqus.AzureServiceBus.csproj", "{45431D43-0749-41CD-A587-B786DF213A6B}"
EndProject
Project("{9A19103F-16F7-4668-BE54-9A1E7A4F7556}") = "d60.Cirqus.HybridDb", "src\d60.Cirqus.HybridDb\d60.Cirqus.HybridDb.csproj", "{288EB66B-B48B-410E-918F-5CD2BAAFBB38}"
EndProject
Project("{9A19103F-16F7-4668-BE54-9A1E7A4F7556}") = "d60.Cirqus.MongoDb", "src\d60.Cirqus.MongoDb\d60.Cirqus.MongoDb.csproj", "{0CF6C9A3-AE50-40B4-BF80-70020ED12B7C}"
EndProject
Project("{9A19103F-16F7-4668-BE54-9A1E7A4F7556}") = "d60.Cirqus.NLog", "src\d60.Cirqus.NLog\d60.Cirqus.NLog.csproj", "{9FF178D9-417B-4408-A4E9-B18F83C93C79}"
EndProject
Project("{9A19103F-16F7-4668-BE54-9A1E7A4F7556}") = "d60.Cirqus.NUnit", "src\d60.Cirqus.NUnit\d60.Cirqus.NUnit.csproj", "{A6CC33D2-AE2D-49E9-B12B-CC1BED78A227}"
EndProject
Project("{9A19103F-16F7-4668-BE54-9A1E7A4F7556}") = "d60.Cirqus.Testing", "src\d60.Cirqus.Testing\d60.Cirqus.Testing.csproj", "{0CF1AB75-F7C7-4594-BBA9-12D33BE9F8C2}"
EndProject
Project("{9A19103F-16F7-4668-BE54-9A1E7A4F7556}") = "d60.Cirqus.PostgreSql", "src\d60.Cirqus.PostgreSql\d60.Cirqus.PostgreSql.csproj", "{D5CD46CC-6713-46E8-96F1-26F1B1781DC6}"
EndProject
Project("{9A19103F-16F7-4668-BE54-9A1E7A4F7556}") = "d60.Cirqus.Serilog", "src\d60.Cirqus.Serilog\d60.Cirqus.Serilog.csproj", "{3344CE78-1095-455D-8B46-C431FFEBB355}"
EndProject
Project("{9A19103F-16F7-4668-BE54-9A1E7A4F7556}") = "d60.Cirqus.SQLite", "src\d60.Cirqus.SQLite\d60.Cirqus.SQLite.csproj", "{63D38C39-959A-41FC-B27C-06C5DE930B01}"
EndProject
Project("{9A19103F-16F7-4668-BE54-9A1E7A4F7556}") = "d60.Cirqus.xUnit", "src\d60.Cirqus.xUnit\d60.Cirqus.xUnit.csproj", "{859776FB-A799-4991-B3F6-23DCD0004CC2}"
EndProject
Project("{9A19103F-16F7-4668-BE54-9A1E7A4F7556}") = "d60.Cirqus.TsClient", "src\d60.Cirqus.TsClient\d60.Cirqus.TsClient.csproj", "{07A3ACEC-35CB-4F73-B93F-DE44F25A47CA}"
EndProject
Project("{9A19103F-16F7-4668-BE54-9A1E7A4F7556}") = "d60.Cirqus.AzureServiceBus.Tests", "test\d60.Cirqus.AzureServiceBus.Tests\d60.Cirqus.AzureServiceBus.Tests.csproj", "{D4A0D90F-B288-454E-A45E-FBBC365180C0}"
EndProject
Project("{9A19103F-16F7-4668-BE54-9A1E7A4F7556}") = "d60.Cirqus.Tests", "test\d60.Cirqus.Tests\d60.Cirqus.Tests.csproj", "{FE94D69C-ABCD-4CA8-8065-B18B6354BCB6}"
EndProject
Global
	GlobalSection(SolutionConfigurationPlatforms) = preSolution
		Debug|Any CPU = Debug|Any CPU
		Debug|x64 = Debug|x64
		Debug|x86 = Debug|x86
		Release|Any CPU = Release|Any CPU
		Release|x64 = Release|x64
		Release|x86 = Release|x86
	EndGlobalSection
	GlobalSection(ProjectConfigurationPlatforms) = postSolution
		{1A5EA878-935E-491F-BDA2-B2F1080CDA64}.Debug|Any CPU.ActiveCfg = Debug|Any CPU
		{1A5EA878-935E-491F-BDA2-B2F1080CDA64}.Debug|Any CPU.Build.0 = Debug|Any CPU
		{1A5EA878-935E-491F-BDA2-B2F1080CDA64}.Debug|x64.ActiveCfg = Debug|Any CPU
		{1A5EA878-935E-491F-BDA2-B2F1080CDA64}.Debug|x64.Build.0 = Debug|Any CPU
		{1A5EA878-935E-491F-BDA2-B2F1080CDA64}.Debug|x86.ActiveCfg = Debug|Any CPU
		{1A5EA878-935E-491F-BDA2-B2F1080CDA64}.Debug|x86.Build.0 = Debug|Any CPU
		{1A5EA878-935E-491F-BDA2-B2F1080CDA64}.Release|Any CPU.ActiveCfg = Release|Any CPU
		{1A5EA878-935E-491F-BDA2-B2F1080CDA64}.Release|Any CPU.Build.0 = Release|Any CPU
		{1A5EA878-935E-491F-BDA2-B2F1080CDA64}.Release|x64.ActiveCfg = Release|Any CPU
		{1A5EA878-935E-491F-BDA2-B2F1080CDA64}.Release|x64.Build.0 = Release|Any CPU
		{1A5EA878-935E-491F-BDA2-B2F1080CDA64}.Release|x86.ActiveCfg = Release|Any CPU
		{1A5EA878-935E-491F-BDA2-B2F1080CDA64}.Release|x86.Build.0 = Release|Any CPU
		{303A3B4D-737E-4DDF-8952-ECA867166820}.Debug|Any CPU.ActiveCfg = Debug|Any CPU
		{303A3B4D-737E-4DDF-8952-ECA867166820}.Debug|Any CPU.Build.0 = Debug|Any CPU
		{303A3B4D-737E-4DDF-8952-ECA867166820}.Debug|x64.ActiveCfg = Debug|Any CPU
		{303A3B4D-737E-4DDF-8952-ECA867166820}.Debug|x64.Build.0 = Debug|Any CPU
		{303A3B4D-737E-4DDF-8952-ECA867166820}.Debug|x86.ActiveCfg = Debug|Any CPU
		{303A3B4D-737E-4DDF-8952-ECA867166820}.Debug|x86.Build.0 = Debug|Any CPU
		{303A3B4D-737E-4DDF-8952-ECA867166820}.Release|Any CPU.ActiveCfg = Release|Any CPU
		{303A3B4D-737E-4DDF-8952-ECA867166820}.Release|Any CPU.Build.0 = Release|Any CPU
		{303A3B4D-737E-4DDF-8952-ECA867166820}.Release|x64.ActiveCfg = Release|Any CPU
		{303A3B4D-737E-4DDF-8952-ECA867166820}.Release|x64.Build.0 = Release|Any CPU
		{303A3B4D-737E-4DDF-8952-ECA867166820}.Release|x86.ActiveCfg = Release|Any CPU
		{303A3B4D-737E-4DDF-8952-ECA867166820}.Release|x86.Build.0 = Release|Any CPU
		{C21A5330-A7E4-42DF-9F3B-9C15E8D38C42}.Debug|Any CPU.ActiveCfg = Debug|Any CPU
		{C21A5330-A7E4-42DF-9F3B-9C15E8D38C42}.Debug|Any CPU.Build.0 = Debug|Any CPU
		{C21A5330-A7E4-42DF-9F3B-9C15E8D38C42}.Debug|x64.ActiveCfg = Debug|Any CPU
		{C21A5330-A7E4-42DF-9F3B-9C15E8D38C42}.Debug|x64.Build.0 = Debug|Any CPU
		{C21A5330-A7E4-42DF-9F3B-9C15E8D38C42}.Debug|x86.ActiveCfg = Debug|Any CPU
		{C21A5330-A7E4-42DF-9F3B-9C15E8D38C42}.Debug|x86.Build.0 = Debug|Any CPU
		{C21A5330-A7E4-42DF-9F3B-9C15E8D38C42}.Release|Any CPU.ActiveCfg = Release|Any CPU
		{C21A5330-A7E4-42DF-9F3B-9C15E8D38C42}.Release|Any CPU.Build.0 = Release|Any CPU
		{C21A5330-A7E4-42DF-9F3B-9C15E8D38C42}.Release|x64.ActiveCfg = Release|Any CPU
		{C21A5330-A7E4-42DF-9F3B-9C15E8D38C42}.Release|x64.Build.0 = Release|Any CPU
		{C21A5330-A7E4-42DF-9F3B-9C15E8D38C42}.Release|x86.ActiveCfg = Release|Any CPU
		{C21A5330-A7E4-42DF-9F3B-9C15E8D38C42}.Release|x86.Build.0 = Release|Any CPU
		{45431D43-0749-41CD-A587-B786DF213A6B}.Debug|Any CPU.ActiveCfg = Debug|Any CPU
		{45431D43-0749-41CD-A587-B786DF213A6B}.Debug|Any CPU.Build.0 = Debug|Any CPU
		{45431D43-0749-41CD-A587-B786DF213A6B}.Debug|x64.ActiveCfg = Debug|Any CPU
		{45431D43-0749-41CD-A587-B786DF213A6B}.Debug|x64.Build.0 = Debug|Any CPU
		{45431D43-0749-41CD-A587-B786DF213A6B}.Debug|x86.ActiveCfg = Debug|Any CPU
		{45431D43-0749-41CD-A587-B786DF213A6B}.Debug|x86.Build.0 = Debug|Any CPU
		{45431D43-0749-41CD-A587-B786DF213A6B}.Release|Any CPU.ActiveCfg = Release|Any CPU
		{45431D43-0749-41CD-A587-B786DF213A6B}.Release|Any CPU.Build.0 = Release|Any CPU
		{45431D43-0749-41CD-A587-B786DF213A6B}.Release|x64.ActiveCfg = Release|Any CPU
		{45431D43-0749-41CD-A587-B786DF213A6B}.Release|x64.Build.0 = Release|Any CPU
		{45431D43-0749-41CD-A587-B786DF213A6B}.Release|x86.ActiveCfg = Release|Any CPU
		{45431D43-0749-41CD-A587-B786DF213A6B}.Release|x86.Build.0 = Release|Any CPU
		{288EB66B-B48B-410E-918F-5CD2BAAFBB38}.Debug|Any CPU.ActiveCfg = Debug|Any CPU
		{288EB66B-B48B-410E-918F-5CD2BAAFBB38}.Debug|Any CPU.Build.0 = Debug|Any CPU
		{288EB66B-B48B-410E-918F-5CD2BAAFBB38}.Debug|x64.ActiveCfg = Debug|Any CPU
		{288EB66B-B48B-410E-918F-5CD2BAAFBB38}.Debug|x64.Build.0 = Debug|Any CPU
		{288EB66B-B48B-410E-918F-5CD2BAAFBB38}.Debug|x86.ActiveCfg = Debug|Any CPU
		{288EB66B-B48B-410E-918F-5CD2BAAFBB38}.Debug|x86.Build.0 = Debug|Any CPU
		{288EB66B-B48B-410E-918F-5CD2BAAFBB38}.Release|Any CPU.ActiveCfg = Release|Any CPU
		{288EB66B-B48B-410E-918F-5CD2BAAFBB38}.Release|Any CPU.Build.0 = Release|Any CPU
		{288EB66B-B48B-410E-918F-5CD2BAAFBB38}.Release|x64.ActiveCfg = Release|Any CPU
		{288EB66B-B48B-410E-918F-5CD2BAAFBB38}.Release|x64.Build.0 = Release|Any CPU
		{288EB66B-B48B-410E-918F-5CD2BAAFBB38}.Release|x86.ActiveCfg = Release|Any CPU
		{288EB66B-B48B-410E-918F-5CD2BAAFBB38}.Release|x86.Build.0 = Release|Any CPU
		{0CF6C9A3-AE50-40B4-BF80-70020ED12B7C}.Debug|Any CPU.ActiveCfg = Debug|Any CPU
		{0CF6C9A3-AE50-40B4-BF80-70020ED12B7C}.Debug|Any CPU.Build.0 = Debug|Any CPU
		{0CF6C9A3-AE50-40B4-BF80-70020ED12B7C}.Debug|x64.ActiveCfg = Debug|Any CPU
		{0CF6C9A3-AE50-40B4-BF80-70020ED12B7C}.Debug|x64.Build.0 = Debug|Any CPU
		{0CF6C9A3-AE50-40B4-BF80-70020ED12B7C}.Debug|x86.ActiveCfg = Debug|Any CPU
		{0CF6C9A3-AE50-40B4-BF80-70020ED12B7C}.Debug|x86.Build.0 = Debug|Any CPU
		{0CF6C9A3-AE50-40B4-BF80-70020ED12B7C}.Release|Any CPU.ActiveCfg = Release|Any CPU
		{0CF6C9A3-AE50-40B4-BF80-70020ED12B7C}.Release|Any CPU.Build.0 = Release|Any CPU
		{0CF6C9A3-AE50-40B4-BF80-70020ED12B7C}.Release|x64.ActiveCfg = Release|Any CPU
		{0CF6C9A3-AE50-40B4-BF80-70020ED12B7C}.Release|x64.Build.0 = Release|Any CPU
		{0CF6C9A3-AE50-40B4-BF80-70020ED12B7C}.Release|x86.ActiveCfg = Release|Any CPU
		{0CF6C9A3-AE50-40B4-BF80-70020ED12B7C}.Release|x86.Build.0 = Release|Any CPU
		{9FF178D9-417B-4408-A4E9-B18F83C93C79}.Debug|Any CPU.ActiveCfg = Debug|Any CPU
		{9FF178D9-417B-4408-A4E9-B18F83C93C79}.Debug|Any CPU.Build.0 = Debug|Any CPU
		{9FF178D9-417B-4408-A4E9-B18F83C93C79}.Debug|x64.ActiveCfg = Debug|Any CPU
		{9FF178D9-417B-4408-A4E9-B18F83C93C79}.Debug|x64.Build.0 = Debug|Any CPU
		{9FF178D9-417B-4408-A4E9-B18F83C93C79}.Debug|x86.ActiveCfg = Debug|Any CPU
		{9FF178D9-417B-4408-A4E9-B18F83C93C79}.Debug|x86.Build.0 = Debug|Any CPU
		{9FF178D9-417B-4408-A4E9-B18F83C93C79}.Release|Any CPU.ActiveCfg = Release|Any CPU
		{9FF178D9-417B-4408-A4E9-B18F83C93C79}.Release|Any CPU.Build.0 = Release|Any CPU
		{9FF178D9-417B-4408-A4E9-B18F83C93C79}.Release|x64.ActiveCfg = Release|Any CPU
		{9FF178D9-417B-4408-A4E9-B18F83C93C79}.Release|x64.Build.0 = Release|Any CPU
		{9FF178D9-417B-4408-A4E9-B18F83C93C79}.Release|x86.ActiveCfg = Release|Any CPU
		{9FF178D9-417B-4408-A4E9-B18F83C93C79}.Release|x86.Build.0 = Release|Any CPU
		{A6CC33D2-AE2D-49E9-B12B-CC1BED78A227}.Debug|Any CPU.ActiveCfg = Debug|Any CPU
		{A6CC33D2-AE2D-49E9-B12B-CC1BED78A227}.Debug|Any CPU.Build.0 = Debug|Any CPU
		{A6CC33D2-AE2D-49E9-B12B-CC1BED78A227}.Debug|x64.ActiveCfg = Debug|Any CPU
		{A6CC33D2-AE2D-49E9-B12B-CC1BED78A227}.Debug|x64.Build.0 = Debug|Any CPU
		{A6CC33D2-AE2D-49E9-B12B-CC1BED78A227}.Debug|x86.ActiveCfg = Debug|Any CPU
		{A6CC33D2-AE2D-49E9-B12B-CC1BED78A227}.Debug|x86.Build.0 = Debug|Any CPU
		{A6CC33D2-AE2D-49E9-B12B-CC1BED78A227}.Release|Any CPU.ActiveCfg = Release|Any CPU
		{A6CC33D2-AE2D-49E9-B12B-CC1BED78A227}.Release|Any CPU.Build.0 = Release|Any CPU
		{A6CC33D2-AE2D-49E9-B12B-CC1BED78A227}.Release|x64.ActiveCfg = Release|Any CPU
		{A6CC33D2-AE2D-49E9-B12B-CC1BED78A227}.Release|x64.Build.0 = Release|Any CPU
		{A6CC33D2-AE2D-49E9-B12B-CC1BED78A227}.Release|x86.ActiveCfg = Release|Any CPU
		{A6CC33D2-AE2D-49E9-B12B-CC1BED78A227}.Release|x86.Build.0 = Release|Any CPU
		{0CF1AB75-F7C7-4594-BBA9-12D33BE9F8C2}.Debug|Any CPU.ActiveCfg = Debug|Any CPU
		{0CF1AB75-F7C7-4594-BBA9-12D33BE9F8C2}.Debug|Any CPU.Build.0 = Debug|Any CPU
		{0CF1AB75-F7C7-4594-BBA9-12D33BE9F8C2}.Debug|x64.ActiveCfg = Debug|Any CPU
		{0CF1AB75-F7C7-4594-BBA9-12D33BE9F8C2}.Debug|x64.Build.0 = Debug|Any CPU
		{0CF1AB75-F7C7-4594-BBA9-12D33BE9F8C2}.Debug|x86.ActiveCfg = Debug|Any CPU
		{0CF1AB75-F7C7-4594-BBA9-12D33BE9F8C2}.Debug|x86.Build.0 = Debug|Any CPU
		{0CF1AB75-F7C7-4594-BBA9-12D33BE9F8C2}.Release|Any CPU.ActiveCfg = Release|Any CPU
		{0CF1AB75-F7C7-4594-BBA9-12D33BE9F8C2}.Release|Any CPU.Build.0 = Release|Any CPU
		{0CF1AB75-F7C7-4594-BBA9-12D33BE9F8C2}.Release|x64.ActiveCfg = Release|Any CPU
		{0CF1AB75-F7C7-4594-BBA9-12D33BE9F8C2}.Release|x64.Build.0 = Release|Any CPU
		{0CF1AB75-F7C7-4594-BBA9-12D33BE9F8C2}.Release|x86.ActiveCfg = Release|Any CPU
		{0CF1AB75-F7C7-4594-BBA9-12D33BE9F8C2}.Release|x86.Build.0 = Release|Any CPU
		{D5CD46CC-6713-46E8-96F1-26F1B1781DC6}.Debug|Any CPU.ActiveCfg = Debug|Any CPU
		{D5CD46CC-6713-46E8-96F1-26F1B1781DC6}.Debug|Any CPU.Build.0 = Debug|Any CPU
		{D5CD46CC-6713-46E8-96F1-26F1B1781DC6}.Debug|x64.ActiveCfg = Debug|Any CPU
		{D5CD46CC-6713-46E8-96F1-26F1B1781DC6}.Debug|x64.Build.0 = Debug|Any CPU
		{D5CD46CC-6713-46E8-96F1-26F1B1781DC6}.Debug|x86.ActiveCfg = Debug|Any CPU
		{D5CD46CC-6713-46E8-96F1-26F1B1781DC6}.Debug|x86.Build.0 = Debug|Any CPU
		{D5CD46CC-6713-46E8-96F1-26F1B1781DC6}.Release|Any CPU.ActiveCfg = Release|Any CPU
		{D5CD46CC-6713-46E8-96F1-26F1B1781DC6}.Release|Any CPU.Build.0 = Release|Any CPU
		{D5CD46CC-6713-46E8-96F1-26F1B1781DC6}.Release|x64.ActiveCfg = Release|Any CPU
		{D5CD46CC-6713-46E8-96F1-26F1B1781DC6}.Release|x64.Build.0 = Release|Any CPU
		{D5CD46CC-6713-46E8-96F1-26F1B1781DC6}.Release|x86.ActiveCfg = Release|Any CPU
		{D5CD46CC-6713-46E8-96F1-26F1B1781DC6}.Release|x86.Build.0 = Release|Any CPU
		{3344CE78-1095-455D-8B46-C431FFEBB355}.Debug|Any CPU.ActiveCfg = Debug|Any CPU
		{3344CE78-1095-455D-8B46-C431FFEBB355}.Debug|Any CPU.Build.0 = Debug|Any CPU
		{3344CE78-1095-455D-8B46-C431FFEBB355}.Debug|x64.ActiveCfg = Debug|Any CPU
		{3344CE78-1095-455D-8B46-C431FFEBB355}.Debug|x64.Build.0 = Debug|Any CPU
		{3344CE78-1095-455D-8B46-C431FFEBB355}.Debug|x86.ActiveCfg = Debug|Any CPU
		{3344CE78-1095-455D-8B46-C431FFEBB355}.Debug|x86.Build.0 = Debug|Any CPU
		{3344CE78-1095-455D-8B46-C431FFEBB355}.Release|Any CPU.ActiveCfg = Release|Any CPU
		{3344CE78-1095-455D-8B46-C431FFEBB355}.Release|Any CPU.Build.0 = Release|Any CPU
		{3344CE78-1095-455D-8B46-C431FFEBB355}.Release|x64.ActiveCfg = Release|Any CPU
		{3344CE78-1095-455D-8B46-C431FFEBB355}.Release|x64.Build.0 = Release|Any CPU
		{3344CE78-1095-455D-8B46-C431FFEBB355}.Release|x86.ActiveCfg = Release|Any CPU
		{3344CE78-1095-455D-8B46-C431FFEBB355}.Release|x86.Build.0 = Release|Any CPU
		{63D38C39-959A-41FC-B27C-06C5DE930B01}.Debug|Any CPU.ActiveCfg = Debug|Any CPU
		{63D38C39-959A-41FC-B27C-06C5DE930B01}.Debug|Any CPU.Build.0 = Debug|Any CPU
		{63D38C39-959A-41FC-B27C-06C5DE930B01}.Debug|x64.ActiveCfg = Debug|Any CPU
		{63D38C39-959A-41FC-B27C-06C5DE930B01}.Debug|x64.Build.0 = Debug|Any CPU
		{63D38C39-959A-41FC-B27C-06C5DE930B01}.Debug|x86.ActiveCfg = Debug|Any CPU
		{63D38C39-959A-41FC-B27C-06C5DE930B01}.Debug|x86.Build.0 = Debug|Any CPU
		{63D38C39-959A-41FC-B27C-06C5DE930B01}.Release|Any CPU.ActiveCfg = Release|Any CPU
		{63D38C39-959A-41FC-B27C-06C5DE930B01}.Release|Any CPU.Build.0 = Release|Any CPU
		{63D38C39-959A-41FC-B27C-06C5DE930B01}.Release|x64.ActiveCfg = Release|Any CPU
		{63D38C39-959A-41FC-B27C-06C5DE930B01}.Release|x64.Build.0 = Release|Any CPU
		{63D38C39-959A-41FC-B27C-06C5DE930B01}.Release|x86.ActiveCfg = Release|Any CPU
		{63D38C39-959A-41FC-B27C-06C5DE930B01}.Release|x86.Build.0 = Release|Any CPU
		{859776FB-A799-4991-B3F6-23DCD0004CC2}.Debug|Any CPU.ActiveCfg = Debug|Any CPU
		{859776FB-A799-4991-B3F6-23DCD0004CC2}.Debug|Any CPU.Build.0 = Debug|Any CPU
		{859776FB-A799-4991-B3F6-23DCD0004CC2}.Debug|x64.ActiveCfg = Debug|Any CPU
		{859776FB-A799-4991-B3F6-23DCD0004CC2}.Debug|x64.Build.0 = Debug|Any CPU
		{859776FB-A799-4991-B3F6-23DCD0004CC2}.Debug|x86.ActiveCfg = Debug|Any CPU
		{859776FB-A799-4991-B3F6-23DCD0004CC2}.Debug|x86.Build.0 = Debug|Any CPU
		{859776FB-A799-4991-B3F6-23DCD0004CC2}.Release|Any CPU.ActiveCfg = Release|Any CPU
		{859776FB-A799-4991-B3F6-23DCD0004CC2}.Release|Any CPU.Build.0 = Release|Any CPU
		{859776FB-A799-4991-B3F6-23DCD0004CC2}.Release|x64.ActiveCfg = Release|Any CPU
		{859776FB-A799-4991-B3F6-23DCD0004CC2}.Release|x64.Build.0 = Release|Any CPU
		{859776FB-A799-4991-B3F6-23DCD0004CC2}.Release|x86.ActiveCfg = Release|Any CPU
		{859776FB-A799-4991-B3F6-23DCD0004CC2}.Release|x86.Build.0 = Release|Any CPU
		{07A3ACEC-35CB-4F73-B93F-DE44F25A47CA}.Debug|Any CPU.ActiveCfg = Debug|Any CPU
		{07A3ACEC-35CB-4F73-B93F-DE44F25A47CA}.Debug|Any CPU.Build.0 = Debug|Any CPU
		{07A3ACEC-35CB-4F73-B93F-DE44F25A47CA}.Debug|x64.ActiveCfg = Debug|Any CPU
		{07A3ACEC-35CB-4F73-B93F-DE44F25A47CA}.Debug|x64.Build.0 = Debug|Any CPU
		{07A3ACEC-35CB-4F73-B93F-DE44F25A47CA}.Debug|x86.ActiveCfg = Debug|Any CPU
		{07A3ACEC-35CB-4F73-B93F-DE44F25A47CA}.Debug|x86.Build.0 = Debug|Any CPU
		{07A3ACEC-35CB-4F73-B93F-DE44F25A47CA}.Release|Any CPU.ActiveCfg = Release|Any CPU
		{07A3ACEC-35CB-4F73-B93F-DE44F25A47CA}.Release|Any CPU.Build.0 = Release|Any CPU
		{07A3ACEC-35CB-4F73-B93F-DE44F25A47CA}.Release|x64.ActiveCfg = Release|Any CPU
		{07A3ACEC-35CB-4F73-B93F-DE44F25A47CA}.Release|x64.Build.0 = Release|Any CPU
		{07A3ACEC-35CB-4F73-B93F-DE44F25A47CA}.Release|x86.ActiveCfg = Release|Any CPU
		{07A3ACEC-35CB-4F73-B93F-DE44F25A47CA}.Release|x86.Build.0 = Release|Any CPU
		{D4A0D90F-B288-454E-A45E-FBBC365180C0}.Debug|Any CPU.ActiveCfg = Debug|Any CPU
		{D4A0D90F-B288-454E-A45E-FBBC365180C0}.Debug|Any CPU.Build.0 = Debug|Any CPU
		{D4A0D90F-B288-454E-A45E-FBBC365180C0}.Debug|x64.ActiveCfg = Debug|Any CPU
		{D4A0D90F-B288-454E-A45E-FBBC365180C0}.Debug|x64.Build.0 = Debug|Any CPU
		{D4A0D90F-B288-454E-A45E-FBBC365180C0}.Debug|x86.ActiveCfg = Debug|Any CPU
		{D4A0D90F-B288-454E-A45E-FBBC365180C0}.Debug|x86.Build.0 = Debug|Any CPU
		{D4A0D90F-B288-454E-A45E-FBBC365180C0}.Release|Any CPU.ActiveCfg = Release|Any CPU
		{D4A0D90F-B288-454E-A45E-FBBC365180C0}.Release|Any CPU.Build.0 = Release|Any CPU
		{D4A0D90F-B288-454E-A45E-FBBC365180C0}.Release|x64.ActiveCfg = Release|Any CPU
		{D4A0D90F-B288-454E-A45E-FBBC365180C0}.Release|x64.Build.0 = Release|Any CPU
		{D4A0D90F-B288-454E-A45E-FBBC365180C0}.Release|x86.ActiveCfg = Release|Any CPU
		{D4A0D90F-B288-454E-A45E-FBBC365180C0}.Release|x86.Build.0 = Release|Any CPU
		{FE94D69C-ABCD-4CA8-8065-B18B6354BCB6}.Debug|Any CPU.ActiveCfg = Debug|Any CPU
		{FE94D69C-ABCD-4CA8-8065-B18B6354BCB6}.Debug|Any CPU.Build.0 = Debug|Any CPU
		{FE94D69C-ABCD-4CA8-8065-B18B6354BCB6}.Debug|x64.ActiveCfg = Debug|Any CPU
		{FE94D69C-ABCD-4CA8-8065-B18B6354BCB6}.Debug|x64.Build.0 = Debug|Any CPU
		{FE94D69C-ABCD-4CA8-8065-B18B6354BCB6}.Debug|x86.ActiveCfg = Debug|Any CPU
		{FE94D69C-ABCD-4CA8-8065-B18B6354BCB6}.Debug|x86.Build.0 = Debug|Any CPU
		{FE94D69C-ABCD-4CA8-8065-B18B6354BCB6}.Release|Any CPU.ActiveCfg = Release|Any CPU
		{FE94D69C-ABCD-4CA8-8065-B18B6354BCB6}.Release|Any CPU.Build.0 = Release|Any CPU
		{FE94D69C-ABCD-4CA8-8065-B18B6354BCB6}.Release|x64.ActiveCfg = Release|Any CPU
		{FE94D69C-ABCD-4CA8-8065-B18B6354BCB6}.Release|x64.Build.0 = Release|Any CPU
		{FE94D69C-ABCD-4CA8-8065-B18B6354BCB6}.Release|x86.ActiveCfg = Release|Any CPU
		{FE94D69C-ABCD-4CA8-8065-B18B6354BCB6}.Release|x86.Build.0 = Release|Any CPU
	EndGlobalSection
	GlobalSection(SolutionProperties) = preSolution
		HideSolutionNode = FALSE
	EndGlobalSection
	GlobalSection(NestedProjects) = preSolution
		{1A5EA878-935E-491F-BDA2-B2F1080CDA64} = {DBA5309B-8875-4CA6-AD40-5CDC84D935F0}
		{303A3B4D-737E-4DDF-8952-ECA867166820} = {DBA5309B-8875-4CA6-AD40-5CDC84D935F0}
		{C21A5330-A7E4-42DF-9F3B-9C15E8D38C42} = {DBA5309B-8875-4CA6-AD40-5CDC84D935F0}
		{45431D43-0749-41CD-A587-B786DF213A6B} = {DBA5309B-8875-4CA6-AD40-5CDC84D935F0}
		{288EB66B-B48B-410E-918F-5CD2BAAFBB38} = {DBA5309B-8875-4CA6-AD40-5CDC84D935F0}
		{0CF6C9A3-AE50-40B4-BF80-70020ED12B7C} = {DBA5309B-8875-4CA6-AD40-5CDC84D935F0}
		{9FF178D9-417B-4408-A4E9-B18F83C93C79} = {DBA5309B-8875-4CA6-AD40-5CDC84D935F0}
		{A6CC33D2-AE2D-49E9-B12B-CC1BED78A227} = {DBA5309B-8875-4CA6-AD40-5CDC84D935F0}
		{0CF1AB75-F7C7-4594-BBA9-12D33BE9F8C2} = {DBA5309B-8875-4CA6-AD40-5CDC84D935F0}
		{D5CD46CC-6713-46E8-96F1-26F1B1781DC6} = {DBA5309B-8875-4CA6-AD40-5CDC84D935F0}
		{3344CE78-1095-455D-8B46-C431FFEBB355} = {DBA5309B-8875-4CA6-AD40-5CDC84D935F0}
		{63D38C39-959A-41FC-B27C-06C5DE930B01} = {DBA5309B-8875-4CA6-AD40-5CDC84D935F0}
		{859776FB-A799-4991-B3F6-23DCD0004CC2} = {DBA5309B-8875-4CA6-AD40-5CDC84D935F0}
		{07A3ACEC-35CB-4F73-B93F-DE44F25A47CA} = {DBA5309B-8875-4CA6-AD40-5CDC84D935F0}
		{D4A0D90F-B288-454E-A45E-FBBC365180C0} = {38E44948-A23F-4387-8954-8AD83AD91C68}
		{FE94D69C-ABCD-4CA8-8065-B18B6354BCB6} = {38E44948-A23F-4387-8954-8AD83AD91C68}
	EndGlobalSection
	GlobalSection(ExtensibilityGlobals) = postSolution
		SolutionGuid = {31A62267-294D-4CE6-A723-7382FADC1B57}
	EndGlobalSection
EndGlobal
