
Microsoft Visual Studio Solution File, Format Version 12.00
# Visual Studio Version 16
VisualStudioVersion = 16.0.29009.5
MinimumVisualStudioVersion = 15.0.26124.0
Project("{2150E333-8FDC-42A3-9474-1A3956D46DE8}") = "Utility", "Utility", "{DBA5309B-8875-4CA6-AD40-5CDC84D935F0}"
EndProject
Project("{FAE04EC0-301F-11D3-BF4B-00C04F79EFBC}") = "d60.Cirqus", "src\d60.Cirqus\d60.Cirqus.csproj", "{1A5EA878-935E-491F-BDA2-B2F1080CDA64}"
EndProject
Project("{2150E333-8FDC-42A3-9474-1A3956D46DE8}") = "tests", "tests", "{38E44948-A23F-4387-8954-8AD83AD91C68}"
EndProject
Project("{9A19103F-16F7-4668-BE54-9A1E7A4F7556}") = "d60.Cirqus.Identity", "src\d60.Cirqus.Identity\d60.Cirqus.Identity.csproj", "{303A3B4D-737E-4DDF-8952-ECA867166820}"
EndProject
Project("{FAE04EC0-301F-11D3-BF4B-00C04F79EFBC}") = "d60.Cirqus.MongoDb", "src\d60.Cirqus.MongoDb\d60.Cirqus.MongoDb.csproj", "{0CF6C9A3-AE50-40B4-BF80-70020ED12B7C}"
EndProject
Project("{9A19103F-16F7-4668-BE54-9A1E7A4F7556}") = "d60.Cirqus.NLog", "src\d60.Cirqus.NLog\d60.Cirqus.NLog.csproj", "{9FF178D9-417B-4408-A4E9-B18F83C93C79}"
EndProject
Project("{9A19103F-16F7-4668-BE54-9A1E7A4F7556}") = "d60.Cirqus.NUnit", "src\d60.Cirqus.NUnit\d60.Cirqus.NUnit.csproj", "{A6CC33D2-AE2D-49E9-B12B-CC1BED78A227}"
EndProject
Project("{9A19103F-16F7-4668-BE54-9A1E7A4F7556}") = "d60.Cirqus.Testing", "src\d60.Cirqus.Testing\d60.Cirqus.Testing.csproj", "{0CF1AB75-F7C7-4594-BBA9-12D33BE9F8C2}"
EndProject
Project("{9A19103F-16F7-4668-BE54-9A1E7A4F7556}") = "d60.Cirqus.PostgreSql", "src\d60.Cirqus.PostgreSql\d60.Cirqus.PostgreSql.csproj", "{D5CD46CC-6713-46E8-96F1-26F1B1781DC6}"
EndProject
Project("{FAE04EC0-301F-11D3-BF4B-00C04F79EFBC}") = "d60.Cirqus.Serilog", "src\d60.Cirqus.Serilog\d60.Cirqus.Serilog.csproj", "{3344CE78-1095-455D-8B46-C431FFEBB355}"
EndProject
Project("{9A19103F-16F7-4668-BE54-9A1E7A4F7556}") = "d60.Cirqus.SQLite", "src\d60.Cirqus.SQLite\d60.Cirqus.SQLite.csproj", "{63D38C39-959A-41FC-B27C-06C5DE930B01}"
EndProject
Project("{FAE04EC0-301F-11D3-BF4B-00C04F79EFBC}") = "d60.Cirqus.xUnit", "src\d60.Cirqus.xUnit\d60.Cirqus.xUnit.csproj", "{859776FB-A799-4991-B3F6-23DCD0004CC2}"
EndProject
Project("{9A19103F-16F7-4668-BE54-9A1E7A4F7556}") = "d60.Cirqus.TsClient", "src\d60.Cirqus.TsClient\d60.Cirqus.TsClient.csproj", "{07A3ACEC-35CB-4F73-B93F-DE44F25A47CA}"
EndProject
Project("{9A19103F-16F7-4668-BE54-9A1E7A4F7556}") = "d60.Cirqus.Tests", "test\d60.Cirqus.Tests\d60.Cirqus.Tests.csproj", "{527B1FA4-2351-409A-A352-D632C385F259}"
EndProject
Project("{9A19103F-16F7-4668-BE54-9A1E7A4F7556}") = "d60.Cirqus.MSTest", "src\d60.Cirqus.MSTest\d60.Cirqus.MSTest.csproj", "{25936A1E-EB18-419C-85A6-296A4DE28A4C}"
EndProject
Project("{2150E333-8FDC-42A3-9474-1A3956D46DE8}") = "core", "core", "{1A856C28-937F-4CF5-BBFB-9D0A651B5AB7}"
EndProject
Project("{2150E333-8FDC-42A3-9474-1A3956D46DE8}") = "integration", "integration", "{F4EFAF33-6FF5-438F-AA2D-C87DF1721C29}"
EndProject
Project("{FAE04EC0-301F-11D3-BF4B-00C04F79EFBC}") = "d60.Cirqus.MSSql", "src\d60.Cirqus.MSSql\d60.Cirqus.MSSql.csproj", "{7D858D21-A8D4-47BF-BE4E-9B503BF9F7E7}"
EndProject
Project("{FAE04EC0-301F-11D3-BF4B-00C04F79EFBC}") = "d60.Cirqus.Ntfs", "src\d60.Cirqus.Ntfs\d60.Cirqus.Ntfs.csproj", "{B336FF20-8200-4611-BE62-DB064F55725C}"
EndProject
Project("{2150E333-8FDC-42A3-9474-1A3956D46DE8}") = "Solution Items", "Solution Items", "{1806E7A3-F649-4FBC-9B97-7858C776B2C1}"
	ProjectSection(SolutionItems) = preProject
		nuget.config = nuget.config
	EndProjectSection
EndProject
Project("{9344BDBB-3E7F-41FC-A0DD-8665D75EE146}") = "d60.Cirqus.EntityFramework", "src\d60.Cirqus.EntityFramework\d60.Cirqus.EntityFramework.csproj", "{74381D5B-F643-45D5-88DC-7CF8C9F4FE11}"
EndProject
Project("{9344BDBB-3E7F-41FC-A0DD-8665D75EE146}") = "d60.Cirqus.HybridDb", "src\d60.Cirqus.HybridDb\d60.Cirqus.HybridDb.csproj", "{2DA3946D-3951-47A1-8B4C-B7391E4171DC}"
EndProject
Global
	GlobalSection(SolutionConfigurationPlatforms) = preSolution
		Debug|Any CPU = Debug|Any CPU
		Debug|x64 = Debug|x64
		Debug|x86 = Debug|x86
		Release|Any CPU = Release|Any CPU
		Release|x64 = Release|x64
		Release|x86 = Release|x86
	EndGlobalSection
	GlobalSection(ProjectConfigurationPlatforms) = postSolution
		{1A5EA878-935E-491F-BDA2-B2F1080CDA64}.Debug|Any CPU.ActiveCfg = Debug|Any CPU
		{1A5EA878-935E-491F-BDA2-B2F1080CDA64}.Debug|Any CPU.Build.0 = Debug|Any CPU
		{1A5EA878-935E-491F-BDA2-B2F1080CDA64}.Debug|x64.ActiveCfg = Debug|Any CPU
		{1A5EA878-935E-491F-BDA2-B2F1080CDA64}.Debug|x64.Build.0 = Debug|Any CPU
		{1A5EA878-935E-491F-BDA2-B2F1080CDA64}.Debug|x86.ActiveCfg = Debug|Any CPU
		{1A5EA878-935E-491F-BDA2-B2F1080CDA64}.Debug|x86.Build.0 = Debug|Any CPU
		{1A5EA878-935E-491F-BDA2-B2F1080CDA64}.Release|Any CPU.ActiveCfg = Release|Any CPU
		{1A5EA878-935E-491F-BDA2-B2F1080CDA64}.Release|Any CPU.Build.0 = Release|Any CPU
		{1A5EA878-935E-491F-BDA2-B2F1080CDA64}.Release|x64.ActiveCfg = Release|Any CPU
		{1A5EA878-935E-491F-BDA2-B2F1080CDA64}.Release|x64.Build.0 = Release|Any CPU
		{1A5EA878-935E-491F-BDA2-B2F1080CDA64}.Release|x86.ActiveCfg = Release|Any CPU
		{1A5EA878-935E-491F-BDA2-B2F1080CDA64}.Release|x86.Build.0 = Release|Any CPU
		{303A3B4D-737E-4DDF-8952-ECA867166820}.Debug|Any CPU.ActiveCfg = Debug|Any CPU
		{303A3B4D-737E-4DDF-8952-ECA867166820}.Debug|Any CPU.Build.0 = Debug|Any CPU
		{303A3B4D-737E-4DDF-8952-ECA867166820}.Debug|x64.ActiveCfg = Debug|Any CPU
		{303A3B4D-737E-4DDF-8952-ECA867166820}.Debug|x64.Build.0 = Debug|Any CPU
		{303A3B4D-737E-4DDF-8952-ECA867166820}.Debug|x86.ActiveCfg = Debug|Any CPU
		{303A3B4D-737E-4DDF-8952-ECA867166820}.Debug|x86.Build.0 = Debug|Any CPU
		{303A3B4D-737E-4DDF-8952-ECA867166820}.Release|Any CPU.ActiveCfg = Release|Any CPU
		{303A3B4D-737E-4DDF-8952-ECA867166820}.Release|Any CPU.Build.0 = Release|Any CPU
		{303A3B4D-737E-4DDF-8952-ECA867166820}.Release|x64.ActiveCfg = Release|Any CPU
		{303A3B4D-737E-4DDF-8952-ECA867166820}.Release|x64.Build.0 = Release|Any CPU
		{303A3B4D-737E-4DDF-8952-ECA867166820}.Release|x86.ActiveCfg = Release|Any CPU
		{303A3B4D-737E-4DDF-8952-ECA867166820}.Release|x86.Build.0 = Release|Any CPU
		{0CF6C9A3-AE50-40B4-BF80-70020ED12B7C}.Debug|Any CPU.ActiveCfg = Debug|Any CPU
		{0CF6C9A3-AE50-40B4-BF80-70020ED12B7C}.Debug|Any CPU.Build.0 = Debug|Any CPU
		{0CF6C9A3-AE50-40B4-BF80-70020ED12B7C}.Debug|x64.ActiveCfg = Debug|Any CPU
		{0CF6C9A3-AE50-40B4-BF80-70020ED12B7C}.Debug|x64.Build.0 = Debug|Any CPU
		{0CF6C9A3-AE50-40B4-BF80-70020ED12B7C}.Debug|x86.ActiveCfg = Debug|Any CPU
		{0CF6C9A3-AE50-40B4-BF80-70020ED12B7C}.Debug|x86.Build.0 = Debug|Any CPU
		{0CF6C9A3-AE50-40B4-BF80-70020ED12B7C}.Release|Any CPU.ActiveCfg = Release|Any CPU
		{0CF6C9A3-AE50-40B4-BF80-70020ED12B7C}.Release|Any CPU.Build.0 = Release|Any CPU
		{0CF6C9A3-AE50-40B4-BF80-70020ED12B7C}.Release|x64.ActiveCfg = Release|Any CPU
		{0CF6C9A3-AE50-40B4-BF80-70020ED12B7C}.Release|x64.Build.0 = Release|Any CPU
		{0CF6C9A3-AE50-40B4-BF80-70020ED12B7C}.Release|x86.ActiveCfg = Release|Any CPU
		{0CF6C9A3-AE50-40B4-BF80-70020ED12B7C}.Release|x86.Build.0 = Release|Any CPU
		{9FF178D9-417B-4408-A4E9-B18F83C93C79}.Debug|Any CPU.ActiveCfg = Debug|Any CPU
		{9FF178D9-417B-4408-A4E9-B18F83C93C79}.Debug|Any CPU.Build.0 = Debug|Any CPU
		{9FF178D9-417B-4408-A4E9-B18F83C93C79}.Debug|x64.ActiveCfg = Debug|Any CPU
		{9FF178D9-417B-4408-A4E9-B18F83C93C79}.Debug|x64.Build.0 = Debug|Any CPU
		{9FF178D9-417B-4408-A4E9-B18F83C93C79}.Debug|x86.ActiveCfg = Debug|Any CPU
		{9FF178D9-417B-4408-A4E9-B18F83C93C79}.Debug|x86.Build.0 = Debug|Any CPU
		{9FF178D9-417B-4408-A4E9-B18F83C93C79}.Release|Any CPU.ActiveCfg = Release|Any CPU
		{9FF178D9-417B-4408-A4E9-B18F83C93C79}.Release|Any CPU.Build.0 = Release|Any CPU
		{9FF178D9-417B-4408-A4E9-B18F83C93C79}.Release|x64.ActiveCfg = Release|Any CPU
		{9FF178D9-417B-4408-A4E9-B18F83C93C79}.Release|x64.Build.0 = Release|Any CPU
		{9FF178D9-417B-4408-A4E9-B18F83C93C79}.Release|x86.ActiveCfg = Release|Any CPU
		{9FF178D9-417B-4408-A4E9-B18F83C93C79}.Release|x86.Build.0 = Release|Any CPU
		{A6CC33D2-AE2D-49E9-B12B-CC1BED78A227}.Debug|Any CPU.ActiveCfg = Debug|Any CPU
		{A6CC33D2-AE2D-49E9-B12B-CC1BED78A227}.Debug|Any CPU.Build.0 = Debug|Any CPU
		{A6CC33D2-AE2D-49E9-B12B-CC1BED78A227}.Debug|x64.ActiveCfg = Debug|Any CPU
		{A6CC33D2-AE2D-49E9-B12B-CC1BED78A227}.Debug|x64.Build.0 = Debug|Any CPU
		{A6CC33D2-AE2D-49E9-B12B-CC1BED78A227}.Debug|x86.ActiveCfg = Debug|Any CPU
		{A6CC33D2-AE2D-49E9-B12B-CC1BED78A227}.Debug|x86.Build.0 = Debug|Any CPU
		{A6CC33D2-AE2D-49E9-B12B-CC1BED78A227}.Release|Any CPU.ActiveCfg = Release|Any CPU
		{A6CC33D2-AE2D-49E9-B12B-CC1BED78A227}.Release|Any CPU.Build.0 = Release|Any CPU
		{A6CC33D2-AE2D-49E9-B12B-CC1BED78A227}.Release|x64.ActiveCfg = Release|Any CPU
		{A6CC33D2-AE2D-49E9-B12B-CC1BED78A227}.Release|x64.Build.0 = Release|Any CPU
		{A6CC33D2-AE2D-49E9-B12B-CC1BED78A227}.Release|x86.ActiveCfg = Release|Any CPU
		{A6CC33D2-AE2D-49E9-B12B-CC1BED78A227}.Release|x86.Build.0 = Release|Any CPU
		{0CF1AB75-F7C7-4594-BBA9-12D33BE9F8C2}.Debug|Any CPU.ActiveCfg = Debug|Any CPU
		{0CF1AB75-F7C7-4594-BBA9-12D33BE9F8C2}.Debug|Any CPU.Build.0 = Debug|Any CPU
		{0CF1AB75-F7C7-4594-BBA9-12D33BE9F8C2}.Debug|x64.ActiveCfg = Debug|Any CPU
		{0CF1AB75-F7C7-4594-BBA9-12D33BE9F8C2}.Debug|x64.Build.0 = Debug|Any CPU
		{0CF1AB75-F7C7-4594-BBA9-12D33BE9F8C2}.Debug|x86.ActiveCfg = Debug|Any CPU
		{0CF1AB75-F7C7-4594-BBA9-12D33BE9F8C2}.Debug|x86.Build.0 = Debug|Any CPU
		{0CF1AB75-F7C7-4594-BBA9-12D33BE9F8C2}.Release|Any CPU.ActiveCfg = Release|Any CPU
		{0CF1AB75-F7C7-4594-BBA9-12D33BE9F8C2}.Release|Any CPU.Build.0 = Release|Any CPU
		{0CF1AB75-F7C7-4594-BBA9-12D33BE9F8C2}.Release|x64.ActiveCfg = Release|Any CPU
		{0CF1AB75-F7C7-4594-BBA9-12D33BE9F8C2}.Release|x64.Build.0 = Release|Any CPU
		{0CF1AB75-F7C7-4594-BBA9-12D33BE9F8C2}.Release|x86.ActiveCfg = Release|Any CPU
		{0CF1AB75-F7C7-4594-BBA9-12D33BE9F8C2}.Release|x86.Build.0 = Release|Any CPU
		{D5CD46CC-6713-46E8-96F1-26F1B1781DC6}.Debug|Any CPU.ActiveCfg = Debug|Any CPU
		{D5CD46CC-6713-46E8-96F1-26F1B1781DC6}.Debug|Any CPU.Build.0 = Debug|Any CPU
		{D5CD46CC-6713-46E8-96F1-26F1B1781DC6}.Debug|x64.ActiveCfg = Debug|Any CPU
		{D5CD46CC-6713-46E8-96F1-26F1B1781DC6}.Debug|x64.Build.0 = Debug|Any CPU
		{D5CD46CC-6713-46E8-96F1-26F1B1781DC6}.Debug|x86.ActiveCfg = Debug|Any CPU
		{D5CD46CC-6713-46E8-96F1-26F1B1781DC6}.Debug|x86.Build.0 = Debug|Any CPU
		{D5CD46CC-6713-46E8-96F1-26F1B1781DC6}.Release|Any CPU.ActiveCfg = Release|Any CPU
		{D5CD46CC-6713-46E8-96F1-26F1B1781DC6}.Release|Any CPU.Build.0 = Release|Any CPU
		{D5CD46CC-6713-46E8-96F1-26F1B1781DC6}.Release|x64.ActiveCfg = Release|Any CPU
		{D5CD46CC-6713-46E8-96F1-26F1B1781DC6}.Release|x64.Build.0 = Release|Any CPU
		{D5CD46CC-6713-46E8-96F1-26F1B1781DC6}.Release|x86.ActiveCfg = Release|Any CPU
		{D5CD46CC-6713-46E8-96F1-26F1B1781DC6}.Release|x86.Build.0 = Release|Any CPU
		{3344CE78-1095-455D-8B46-C431FFEBB355}.Debug|Any CPU.ActiveCfg = Debug|Any CPU
		{3344CE78-1095-455D-8B46-C431FFEBB355}.Debug|Any CPU.Build.0 = Debug|Any CPU
		{3344CE78-1095-455D-8B46-C431FFEBB355}.Debug|x64.ActiveCfg = Debug|Any CPU
		{3344CE78-1095-455D-8B46-C431FFEBB355}.Debug|x64.Build.0 = Debug|Any CPU
		{3344CE78-1095-455D-8B46-C431FFEBB355}.Debug|x86.ActiveCfg = Debug|Any CPU
		{3344CE78-1095-455D-8B46-C431FFEBB355}.Debug|x86.Build.0 = Debug|Any CPU
		{3344CE78-1095-455D-8B46-C431FFEBB355}.Release|Any CPU.ActiveCfg = Release|Any CPU
		{3344CE78-1095-455D-8B46-C431FFEBB355}.Release|Any CPU.Build.0 = Release|Any CPU
		{3344CE78-1095-455D-8B46-C431FFEBB355}.Release|x64.ActiveCfg = Release|Any CPU
		{3344CE78-1095-455D-8B46-C431FFEBB355}.Release|x64.Build.0 = Release|Any CPU
		{3344CE78-1095-455D-8B46-C431FFEBB355}.Release|x86.ActiveCfg = Release|Any CPU
		{3344CE78-1095-455D-8B46-C431FFEBB355}.Release|x86.Build.0 = Release|Any CPU
		{63D38C39-959A-41FC-B27C-06C5DE930B01}.Debug|Any CPU.ActiveCfg = Debug|Any CPU
		{63D38C39-959A-41FC-B27C-06C5DE930B01}.Debug|Any CPU.Build.0 = Debug|Any CPU
		{63D38C39-959A-41FC-B27C-06C5DE930B01}.Debug|x64.ActiveCfg = Debug|Any CPU
		{63D38C39-959A-41FC-B27C-06C5DE930B01}.Debug|x64.Build.0 = Debug|Any CPU
		{63D38C39-959A-41FC-B27C-06C5DE930B01}.Debug|x86.ActiveCfg = Debug|Any CPU
		{63D38C39-959A-41FC-B27C-06C5DE930B01}.Debug|x86.Build.0 = Debug|Any CPU
		{63D38C39-959A-41FC-B27C-06C5DE930B01}.Release|Any CPU.ActiveCfg = Release|Any CPU
		{63D38C39-959A-41FC-B27C-06C5DE930B01}.Release|Any CPU.Build.0 = Release|Any CPU
		{63D38C39-959A-41FC-B27C-06C5DE930B01}.Release|x64.ActiveCfg = Release|Any CPU
		{63D38C39-959A-41FC-B27C-06C5DE930B01}.Release|x64.Build.0 = Release|Any CPU
		{63D38C39-959A-41FC-B27C-06C5DE930B01}.Release|x86.ActiveCfg = Release|Any CPU
		{63D38C39-959A-41FC-B27C-06C5DE930B01}.Release|x86.Build.0 = Release|Any CPU
		{859776FB-A799-4991-B3F6-23DCD0004CC2}.Debug|Any CPU.ActiveCfg = Debug|Any CPU
		{859776FB-A799-4991-B3F6-23DCD0004CC2}.Debug|Any CPU.Build.0 = Debug|Any CPU
		{859776FB-A799-4991-B3F6-23DCD0004CC2}.Debug|x64.ActiveCfg = Debug|Any CPU
		{859776FB-A799-4991-B3F6-23DCD0004CC2}.Debug|x64.Build.0 = Debug|Any CPU
		{859776FB-A799-4991-B3F6-23DCD0004CC2}.Debug|x86.ActiveCfg = Debug|Any CPU
		{859776FB-A799-4991-B3F6-23DCD0004CC2}.Debug|x86.Build.0 = Debug|Any CPU
		{859776FB-A799-4991-B3F6-23DCD0004CC2}.Release|Any CPU.ActiveCfg = Release|Any CPU
		{859776FB-A799-4991-B3F6-23DCD0004CC2}.Release|Any CPU.Build.0 = Release|Any CPU
		{859776FB-A799-4991-B3F6-23DCD0004CC2}.Release|x64.ActiveCfg = Release|Any CPU
		{859776FB-A799-4991-B3F6-23DCD0004CC2}.Release|x64.Build.0 = Release|Any CPU
		{859776FB-A799-4991-B3F6-23DCD0004CC2}.Release|x86.ActiveCfg = Release|Any CPU
		{859776FB-A799-4991-B3F6-23DCD0004CC2}.Release|x86.Build.0 = Release|Any CPU
		{07A3ACEC-35CB-4F73-B93F-DE44F25A47CA}.Debug|Any CPU.ActiveCfg = Debug|Any CPU
		{07A3ACEC-35CB-4F73-B93F-DE44F25A47CA}.Debug|Any CPU.Build.0 = Debug|Any CPU
		{07A3ACEC-35CB-4F73-B93F-DE44F25A47CA}.Debug|x64.ActiveCfg = Debug|Any CPU
		{07A3ACEC-35CB-4F73-B93F-DE44F25A47CA}.Debug|x64.Build.0 = Debug|Any CPU
		{07A3ACEC-35CB-4F73-B93F-DE44F25A47CA}.Debug|x86.ActiveCfg = Debug|Any CPU
		{07A3ACEC-35CB-4F73-B93F-DE44F25A47CA}.Debug|x86.Build.0 = Debug|Any CPU
		{07A3ACEC-35CB-4F73-B93F-DE44F25A47CA}.Release|Any CPU.ActiveCfg = Release|Any CPU
		{07A3ACEC-35CB-4F73-B93F-DE44F25A47CA}.Release|Any CPU.Build.0 = Release|Any CPU
		{07A3ACEC-35CB-4F73-B93F-DE44F25A47CA}.Release|x64.ActiveCfg = Release|Any CPU
		{07A3ACEC-35CB-4F73-B93F-DE44F25A47CA}.Release|x64.Build.0 = Release|Any CPU
		{07A3ACEC-35CB-4F73-B93F-DE44F25A47CA}.Release|x86.ActiveCfg = Release|Any CPU
		{07A3ACEC-35CB-4F73-B93F-DE44F25A47CA}.Release|x86.Build.0 = Release|Any CPU
		{527B1FA4-2351-409A-A352-D632C385F259}.Debug|Any CPU.ActiveCfg = Debug|Any CPU
		{527B1FA4-2351-409A-A352-D632C385F259}.Debug|Any CPU.Build.0 = Debug|Any CPU
		{527B1FA4-2351-409A-A352-D632C385F259}.Debug|x64.ActiveCfg = Debug|Any CPU
		{527B1FA4-2351-409A-A352-D632C385F259}.Debug|x64.Build.0 = Debug|Any CPU
		{527B1FA4-2351-409A-A352-D632C385F259}.Debug|x86.ActiveCfg = Debug|Any CPU
		{527B1FA4-2351-409A-A352-D632C385F259}.Debug|x86.Build.0 = Debug|Any CPU
		{527B1FA4-2351-409A-A352-D632C385F259}.Release|Any CPU.ActiveCfg = Release|Any CPU
		{527B1FA4-2351-409A-A352-D632C385F259}.Release|Any CPU.Build.0 = Release|Any CPU
		{527B1FA4-2351-409A-A352-D632C385F259}.Release|x64.ActiveCfg = Release|Any CPU
		{527B1FA4-2351-409A-A352-D632C385F259}.Release|x64.Build.0 = Release|Any CPU
		{527B1FA4-2351-409A-A352-D632C385F259}.Release|x86.ActiveCfg = Release|Any CPU
		{527B1FA4-2351-409A-A352-D632C385F259}.Release|x86.Build.0 = Release|Any CPU
		{25936A1E-EB18-419C-85A6-296A4DE28A4C}.Debug|Any CPU.ActiveCfg = Debug|Any CPU
		{25936A1E-EB18-419C-85A6-296A4DE28A4C}.Debug|Any CPU.Build.0 = Debug|Any CPU
		{25936A1E-EB18-419C-85A6-296A4DE28A4C}.Debug|x64.ActiveCfg = Debug|Any CPU
		{25936A1E-EB18-419C-85A6-296A4DE28A4C}.Debug|x64.Build.0 = Debug|Any CPU
		{25936A1E-EB18-419C-85A6-296A4DE28A4C}.Debug|x86.ActiveCfg = Debug|Any CPU
		{25936A1E-EB18-419C-85A6-296A4DE28A4C}.Debug|x86.Build.0 = Debug|Any CPU
		{25936A1E-EB18-419C-85A6-296A4DE28A4C}.Release|Any CPU.ActiveCfg = Release|Any CPU
		{25936A1E-EB18-419C-85A6-296A4DE28A4C}.Release|Any CPU.Build.0 = Release|Any CPU
		{25936A1E-EB18-419C-85A6-296A4DE28A4C}.Release|x64.ActiveCfg = Release|Any CPU
		{25936A1E-EB18-419C-85A6-296A4DE28A4C}.Release|x64.Build.0 = Release|Any CPU
		{25936A1E-EB18-419C-85A6-296A4DE28A4C}.Release|x86.ActiveCfg = Release|Any CPU
		{25936A1E-EB18-419C-85A6-296A4DE28A4C}.Release|x86.Build.0 = Release|Any CPU
		{7D858D21-A8D4-47BF-BE4E-9B503BF9F7E7}.Debug|Any CPU.ActiveCfg = Debug|Any CPU
		{7D858D21-A8D4-47BF-BE4E-9B503BF9F7E7}.Debug|Any CPU.Build.0 = Debug|Any CPU
		{7D858D21-A8D4-47BF-BE4E-9B503BF9F7E7}.Debug|x64.ActiveCfg = Debug|Any CPU
		{7D858D21-A8D4-47BF-BE4E-9B503BF9F7E7}.Debug|x64.Build.0 = Debug|Any CPU
		{7D858D21-A8D4-47BF-BE4E-9B503BF9F7E7}.Debug|x86.ActiveCfg = Debug|Any CPU
		{7D858D21-A8D4-47BF-BE4E-9B503BF9F7E7}.Debug|x86.Build.0 = Debug|Any CPU
		{7D858D21-A8D4-47BF-BE4E-9B503BF9F7E7}.Release|Any CPU.ActiveCfg = Release|Any CPU
		{7D858D21-A8D4-47BF-BE4E-9B503BF9F7E7}.Release|Any CPU.Build.0 = Release|Any CPU
		{7D858D21-A8D4-47BF-BE4E-9B503BF9F7E7}.Release|x64.ActiveCfg = Release|Any CPU
		{7D858D21-A8D4-47BF-BE4E-9B503BF9F7E7}.Release|x64.Build.0 = Release|Any CPU
		{7D858D21-A8D4-47BF-BE4E-9B503BF9F7E7}.Release|x86.ActiveCfg = Release|Any CPU
		{7D858D21-A8D4-47BF-BE4E-9B503BF9F7E7}.Release|x86.Build.0 = Release|Any CPU
		{B336FF20-8200-4611-BE62-DB064F55725C}.Debug|Any CPU.ActiveCfg = Debug|Any CPU
		{B336FF20-8200-4611-BE62-DB064F55725C}.Debug|Any CPU.Build.0 = Debug|Any CPU
		{B336FF20-8200-4611-BE62-DB064F55725C}.Debug|x64.ActiveCfg = Debug|Any CPU
		{B336FF20-8200-4611-BE62-DB064F55725C}.Debug|x64.Build.0 = Debug|Any CPU
		{B336FF20-8200-4611-BE62-DB064F55725C}.Debug|x86.ActiveCfg = Debug|Any CPU
		{B336FF20-8200-4611-BE62-DB064F55725C}.Debug|x86.Build.0 = Debug|Any CPU
		{B336FF20-8200-4611-BE62-DB064F55725C}.Release|Any CPU.ActiveCfg = Release|Any CPU
		{B336FF20-8200-4611-BE62-DB064F55725C}.Release|Any CPU.Build.0 = Release|Any CPU
		{B336FF20-8200-4611-BE62-DB064F55725C}.Release|x64.ActiveCfg = Release|Any CPU
		{B336FF20-8200-4611-BE62-DB064F55725C}.Release|x64.Build.0 = Release|Any CPU
		{B336FF20-8200-4611-BE62-DB064F55725C}.Release|x86.ActiveCfg = Release|Any CPU
		{B336FF20-8200-4611-BE62-DB064F55725C}.Release|x86.Build.0 = Release|Any CPU
		{74381D5B-F643-45D5-88DC-7CF8C9F4FE11}.Debug|Any CPU.ActiveCfg = Debug|Any CPU
		{74381D5B-F643-45D5-88DC-7CF8C9F4FE11}.Debug|Any CPU.Build.0 = Debug|Any CPU
		{74381D5B-F643-45D5-88DC-7CF8C9F4FE11}.Debug|x64.ActiveCfg = Debug|Any CPU
		{74381D5B-F643-45D5-88DC-7CF8C9F4FE11}.Debug|x64.Build.0 = Debug|Any CPU
		{74381D5B-F643-45D5-88DC-7CF8C9F4FE11}.Debug|x86.ActiveCfg = Debug|Any CPU
		{74381D5B-F643-45D5-88DC-7CF8C9F4FE11}.Debug|x86.Build.0 = Debug|Any CPU
		{74381D5B-F643-45D5-88DC-7CF8C9F4FE11}.Release|Any CPU.ActiveCfg = Release|Any CPU
		{74381D5B-F643-45D5-88DC-7CF8C9F4FE11}.Release|Any CPU.Build.0 = Release|Any CPU
		{74381D5B-F643-45D5-88DC-7CF8C9F4FE11}.Release|x64.ActiveCfg = Release|Any CPU
		{74381D5B-F643-45D5-88DC-7CF8C9F4FE11}.Release|x64.Build.0 = Release|Any CPU
		{74381D5B-F643-45D5-88DC-7CF8C9F4FE11}.Release|x86.ActiveCfg = Release|Any CPU
		{74381D5B-F643-45D5-88DC-7CF8C9F4FE11}.Release|x86.Build.0 = Release|Any CPU
		{2DA3946D-3951-47A1-8B4C-B7391E4171DC}.Debug|Any CPU.ActiveCfg = Debug|Any CPU
		{2DA3946D-3951-47A1-8B4C-B7391E4171DC}.Debug|Any CPU.Build.0 = Debug|Any CPU
		{2DA3946D-3951-47A1-8B4C-B7391E4171DC}.Debug|x64.ActiveCfg = Debug|Any CPU
		{2DA3946D-3951-47A1-8B4C-B7391E4171DC}.Debug|x64.Build.0 = Debug|Any CPU
		{2DA3946D-3951-47A1-8B4C-B7391E4171DC}.Debug|x86.ActiveCfg = Debug|Any CPU
		{2DA3946D-3951-47A1-8B4C-B7391E4171DC}.Debug|x86.Build.0 = Debug|Any CPU
		{2DA3946D-3951-47A1-8B4C-B7391E4171DC}.Release|Any CPU.ActiveCfg = Release|Any CPU
		{2DA3946D-3951-47A1-8B4C-B7391E4171DC}.Release|Any CPU.Build.0 = Release|Any CPU
		{2DA3946D-3951-47A1-8B4C-B7391E4171DC}.Release|x64.ActiveCfg = Release|Any CPU
		{2DA3946D-3951-47A1-8B4C-B7391E4171DC}.Release|x64.Build.0 = Release|Any CPU
		{2DA3946D-3951-47A1-8B4C-B7391E4171DC}.Release|x86.ActiveCfg = Release|Any CPU
		{2DA3946D-3951-47A1-8B4C-B7391E4171DC}.Release|x86.Build.0 = Release|Any CPU
	EndGlobalSection
	GlobalSection(SolutionProperties) = preSolution
		HideSolutionNode = FALSE
	EndGlobalSection
	GlobalSection(NestedProjects) = preSolution
		{1A5EA878-935E-491F-BDA2-B2F1080CDA64} = {1A856C28-937F-4CF5-BBFB-9D0A651B5AB7}
		{303A3B4D-737E-4DDF-8952-ECA867166820} = {DBA5309B-8875-4CA6-AD40-5CDC84D935F0}
		{0CF6C9A3-AE50-40B4-BF80-70020ED12B7C} = {F4EFAF33-6FF5-438F-AA2D-C87DF1721C29}
		{9FF178D9-417B-4408-A4E9-B18F83C93C79} = {DBA5309B-8875-4CA6-AD40-5CDC84D935F0}
		{A6CC33D2-AE2D-49E9-B12B-CC1BED78A227} = {DBA5309B-8875-4CA6-AD40-5CDC84D935F0}
		{0CF1AB75-F7C7-4594-BBA9-12D33BE9F8C2} = {DBA5309B-8875-4CA6-AD40-5CDC84D935F0}
		{D5CD46CC-6713-46E8-96F1-26F1B1781DC6} = {F4EFAF33-6FF5-438F-AA2D-C87DF1721C29}
		{3344CE78-1095-455D-8B46-C431FFEBB355} = {F4EFAF33-6FF5-438F-AA2D-C87DF1721C29}
		{63D38C39-959A-41FC-B27C-06C5DE930B01} = {F4EFAF33-6FF5-438F-AA2D-C87DF1721C29}
		{859776FB-A799-4991-B3F6-23DCD0004CC2} = {DBA5309B-8875-4CA6-AD40-5CDC84D935F0}
		{07A3ACEC-35CB-4F73-B93F-DE44F25A47CA} = {F4EFAF33-6FF5-438F-AA2D-C87DF1721C29}
		{527B1FA4-2351-409A-A352-D632C385F259} = {38E44948-A23F-4387-8954-8AD83AD91C68}
		{25936A1E-EB18-419C-85A6-296A4DE28A4C} = {DBA5309B-8875-4CA6-AD40-5CDC84D935F0}
		{7D858D21-A8D4-47BF-BE4E-9B503BF9F7E7} = {F4EFAF33-6FF5-438F-AA2D-C87DF1721C29}
		{B336FF20-8200-4611-BE62-DB064F55725C} = {F4EFAF33-6FF5-438F-AA2D-C87DF1721C29}
		{74381D5B-F643-45D5-88DC-7CF8C9F4FE11} = {F4EFAF33-6FF5-438F-AA2D-C87DF1721C29}
		{2DA3946D-3951-47A1-8B4C-B7391E4171DC} = {F4EFAF33-6FF5-438F-AA2D-C87DF1721C29}
	EndGlobalSection
	GlobalSection(ExtensibilityGlobals) = postSolution
		SolutionGuid = {31A62267-294D-4CE6-A723-7382FADC1B57}
	EndGlobalSection
	GlobalSection(MonoDevelopProperties) = preSolution
		Policies = $0
		$0.StandardHeader = $1
		version = 6.0.1
	EndGlobalSection
EndGlobal
